
Microsoft Visual Studio Solution File, Format Version 12.00
# Visual Studio Version 17
VisualStudioVersion = 17.10.35122.118
MinimumVisualStudioVersion = 10.0.40219.1
Project("{FAE04EC0-301F-11D3-BF4B-00C04F79EFBC}") = "BookStore", "BookStore\BookStore.csproj", "{F1887F80-C138-4C8C-B7A2-18E9CA959334}"
EndProject
Global
	GlobalSection(SolutionConfigurationPlatforms) = preSolution
		Debug|Any CPU = Debug|Any CPU
		Release|Any CPU = Release|Any CPU
	EndGlobalSection
	GlobalSection(ProjectConfigurationPlatforms) = postSolution
		{F1887F80-C138-4C8C-B7A2-18E9CA959334}.Debug|Any CPU.ActiveCfg = Debug|Any CPU
		{F1887F80-C138-4C8C-B7A2-18E9CA959334}.Debug|Any CPU.Build.0 = Debug|Any CPU
		{F1887F80-C138-4C8C-B7A2-18E9CA959334}.Release|Any CPU.ActiveCfg = Release|Any CPU
		{F1887F80-C138-4C8C-B7A2-18E9CA959334}.Release|Any CPU.Build.0 = Release|Any CPU
	EndGlobalSection
	GlobalSection(SolutionProperties) = preSolution
		HideSolutionNode = FALSE
	EndGlobalSection
	GlobalSection(ExtensibilityGlobals) = postSolution
		SolutionGuid = {23D5B9A2-79A3-41EB-B3EA-0B81D3BE7A6A}
	EndGlobalSection
EndGlobal
